%{"dialyze": {:hex, :dialyze, "0.2.0"},
  "erlang_protobuffs": {:git, "https://github.com/basho/erlang_protobuffs.git", "d64ada24cf0479bcf3358bd67b3fb3d654ae1990", [branch: "master"]},
  "exprotobuf": {:hex, :exprotobuf, "0.11.0"},
  "gpb": {:hex, :gpb, "3.18.8"},
  "meck": {:git, "https://github.com/eproxus/meck", "0845277398b8326f9dddddd9fc3cf73467ba6877", [branch: "master"]},
  "protobuf": {:git, "https://github.com/azukiapp/elixir-protobuf.git", "88171f9cacfb5e5e94b48151784bf68b9d2023f9", [tag: "v0.0.3"]},
  "protobuffs": {:git, "https://github.com/basho/erlang_protobuffs.git", "d64ada24cf0479bcf3358bd67b3fb3d654ae1990", [branch: "master"]}}
